
Microsoft Visual Studio Solution File, Format Version 12.00
Project("{FAE04EC0-301F-11D3-BF4B-00C04F79EFBC}") = "depo101.logging.console", "depo101.logging.console\depo101.logging.console.csproj", "{6DCD2FDC-2C78-4205-AED2-CA8CCB121A89}"
EndProject
Project("{FAE04EC0-301F-11D3-BF4B-00C04F79EFBC}") = "depo101.common.logging", "depo101.common.logging\depo101.common.logging.csproj", "{C36891B6-CEA6-4FD7-BB80-E85E8C6DB45A}"
EndProject
Global
	GlobalSection(SolutionConfigurationPlatforms) = preSolution
		Debug|Any CPU = Debug|Any CPU
		Release|Any CPU = Release|Any CPU
	EndGlobalSection
	GlobalSection(ProjectConfigurationPlatforms) = postSolution
		{6DCD2FDC-2C78-4205-AED2-CA8CCB121A89}.Debug|Any CPU.ActiveCfg = Debug|Any CPU
		{6DCD2FDC-2C78-4205-AED2-CA8CCB121A89}.Debug|Any CPU.Build.0 = Debug|Any CPU
		{6DCD2FDC-2C78-4205-AED2-CA8CCB121A89}.Release|Any CPU.ActiveCfg = Release|Any CPU
		{6DCD2FDC-2C78-4205-AED2-CA8CCB121A89}.Release|Any CPU.Build.0 = Release|Any CPU
		{C36891B6-CEA6-4FD7-BB80-E85E8C6DB45A}.Debug|Any CPU.ActiveCfg = Debug|Any CPU
		{C36891B6-CEA6-4FD7-BB80-E85E8C6DB45A}.Debug|Any CPU.Build.0 = Debug|Any CPU
		{C36891B6-CEA6-4FD7-BB80-E85E8C6DB45A}.Release|Any CPU.ActiveCfg = Release|Any CPU
		{C36891B6-CEA6-4FD7-BB80-E85E8C6DB45A}.Release|Any CPU.Build.0 = Release|Any CPU
	EndGlobalSection
EndGlobal
